<?xml version="1.0" encoding="utf-8"?>
<Project ToolsVersion="4.0" xmlns="http://schemas.microsoft.com/developer/msbuild/2003">
  <ItemGroup>
    <Filter Include="Helpers">
      <UniqueIdentifier>{910f62e0-53d0-453c-9acb-a12c942144c6}</UniqueIdentifier>
    </Filter>
    <Filter Include="Misc">
      <UniqueIdentifier>{9ad12e35-9938-444b-bc9e-6e1cbf434242}</UniqueIdentifier>
    </Filter>
    <Filter Include="MapleCryptoLib">
      <UniqueIdentifier>{3f7fe83f-efb4-43be-96d5-1df03d65679d}</UniqueIdentifier>
    </Filter>
  </ItemGroup>
  <ItemGroup>
    <ClInclude Include="ErrorLogger.h">
      <Filter>Helpers</Filter>
    </ClInclude>
    <ClInclude Include="Includes.h">
      <Filter>Misc</Filter>
    </ClInclude>
    <ClInclude Include="AESEncryption.h">
      <Filter>MapleCryptoLib</Filter>
    </ClInclude>
    <ClInclude Include="CryptoConstants.h">
      <Filter>MapleCryptoLib</Filter>
    </ClInclude>
    <ClInclude Include="MapleCrypto.h">
      <Filter>MapleCryptoLib</Filter>
    </ClInclude>
  </ItemGroup>
  <ItemGroup>
    <ClCompile Include="ErrorLogger.cpp">
      <Filter>Helpers</Filter>
    </ClCompile>
    <ClCompile Include="InternalInclude.h">
      <Filter>Misc</Filter>
    </ClCompile>
    <ClCompile Include="AESEncryption.cpp">
      <Filter>MapleCryptoLib</Filter>
    </ClCompile>
    <ClCompile Include="CryptoConstants.cpp">
      <Filter>MapleCryptoLib</Filter>
    </ClCompile>
    <ClCompile Include="MapleCrypto.cpp">
      <Filter>MapleCryptoLib</Filter>
    </ClCompile>
  </ItemGroup>
  <ItemGroup>
    <None Include="MapleLibNative.licenseheader">
      <Filter>Misc</Filter>
    </None>
  </ItemGroup>
</Project>